
Microsoft Visual Studio Solution File, Format Version 12.00
# Visual Studio Version 16
VisualStudioVersion = 16.0.31410.357
MinimumVisualStudioVersion = 10.0.40219.1
Project("{8BC9CEB8-8B4A-11D0-8D11-00A0C91BC942}") = "test_7_18", "test_7_18\test_7_18.vcxproj", "{8DE4CB7D-E02F-4128-B800-3E148E935FE1}"
EndProject
Global
	GlobalSection(SolutionConfigurationPlatforms) = preSolution
		Debug|x64 = Debug|x64
		Debug|x86 = Debug|x86
		Release|x64 = Release|x64
		Release|x86 = Release|x86
	EndGlobalSection
	GlobalSection(ProjectConfigurationPlatforms) = postSolution
		{8DE4CB7D-E02F-4128-B800-3E148E935FE1}.Debug|x64.ActiveCfg = Debug|x64
		{8DE4CB7D-E02F-4128-B800-3E148E935FE1}.Debug|x64.Build.0 = Debug|x64
		{8DE4CB7D-E02F-4128-B800-3E148E935FE1}.Debug|x86.ActiveCfg = Debug|Win32
		{8DE4CB7D-E02F-4128-B800-3E148E935FE1}.Debug|x86.Build.0 = Debug|Win32
		{8DE4CB7D-E02F-4128-B800-3E148E935FE1}.Release|x64.ActiveCfg = Release|x64
		{8DE4CB7D-E02F-4128-B800-3E148E935FE1}.Release|x64.Build.0 = Release|x64
		{8DE4CB7D-E02F-4128-B800-3E148E935FE1}.Release|x86.ActiveCfg = Release|Win32
		{8DE4CB7D-E02F-4128-B800-3E148E935FE1}.Release|x86.Build.0 = Release|Win32
	EndGlobalSection
	GlobalSection(SolutionProperties) = preSolution
		HideSolutionNode = FALSE
	EndGlobalSection
	GlobalSection(ExtensibilityGlobals) = postSolution
		SolutionGuid = {4B88D0EB-0824-4C97-9152-072610AA1480}
	EndGlobalSection
EndGlobal
