
Microsoft Visual Studio Solution File, Format Version 12.00
# Visual Studio Version 16
VisualStudioVersion = 16.0.31105.61
MinimumVisualStudioVersion = 10.0.40219.1
Project("{8BC9CEB8-8B4A-11D0-8D11-00A0C91BC942}") = "test_6_8", "test_6_8\test_6_8.vcxproj", "{D5F4B5B3-FC51-4674-BF36-251C0A91452F}"
EndProject
Global
	GlobalSection(SolutionConfigurationPlatforms) = preSolution
		Debug|x64 = Debug|x64
		Debug|x86 = Debug|x86
		Release|x64 = Release|x64
		Release|x86 = Release|x86
	EndGlobalSection
	GlobalSection(ProjectConfigurationPlatforms) = postSolution
		{D5F4B5B3-FC51-4674-BF36-251C0A91452F}.Debug|x64.ActiveCfg = Debug|x64
		{D5F4B5B3-FC51-4674-BF36-251C0A91452F}.Debug|x64.Build.0 = Debug|x64
		{D5F4B5B3-FC51-4674-BF36-251C0A91452F}.Debug|x86.ActiveCfg = Debug|Win32
		{D5F4B5B3-FC51-4674-BF36-251C0A91452F}.Debug|x86.Build.0 = Debug|Win32
		{D5F4B5B3-FC51-4674-BF36-251C0A91452F}.Release|x64.ActiveCfg = Release|x64
		{D5F4B5B3-FC51-4674-BF36-251C0A91452F}.Release|x64.Build.0 = Release|x64
		{D5F4B5B3-FC51-4674-BF36-251C0A91452F}.Release|x86.ActiveCfg = Release|Win32
		{D5F4B5B3-FC51-4674-BF36-251C0A91452F}.Release|x86.Build.0 = Release|Win32
	EndGlobalSection
	GlobalSection(SolutionProperties) = preSolution
		HideSolutionNode = FALSE
	EndGlobalSection
	GlobalSection(ExtensibilityGlobals) = postSolution
		SolutionGuid = {C3BF7496-E4F2-4634-86F3-B6DBDA1F4FF9}
	EndGlobalSection
EndGlobal
